
Microsoft Visual Studio Solution File, Format Version 12.00
# Visual Studio 15
VisualStudioVersion = 15.0.27703.2000
MinimumVisualStudioVersion = 10.0.40219.1
Project("{FAE04EC0-301F-11D3-BF4B-00C04F79EFBC}") = "Laboratorio 3", "Laboratorio 3\Laboratorio 3.csproj", "{0E19051F-C286-4EB0-8AAC-091F59F9B34F}"
EndProject
Global
	GlobalSection(SolutionConfigurationPlatforms) = preSolution
		Debug|Any CPU = Debug|Any CPU
		Release|Any CPU = Release|Any CPU
	EndGlobalSection
	GlobalSection(ProjectConfigurationPlatforms) = postSolution
		{0E19051F-C286-4EB0-8AAC-091F59F9B34F}.Debug|Any CPU.ActiveCfg = Debug|Any CPU
		{0E19051F-C286-4EB0-8AAC-091F59F9B34F}.Debug|Any CPU.Build.0 = Debug|Any CPU
		{0E19051F-C286-4EB0-8AAC-091F59F9B34F}.Release|Any CPU.ActiveCfg = Release|Any CPU
		{0E19051F-C286-4EB0-8AAC-091F59F9B34F}.Release|Any CPU.Build.0 = Release|Any CPU
	EndGlobalSection
	GlobalSection(SolutionProperties) = preSolution
		HideSolutionNode = FALSE
	EndGlobalSection
	GlobalSection(ExtensibilityGlobals) = postSolution
		SolutionGuid = {16A4872D-4BC6-496D-82CE-7E456D58208C}
	EndGlobalSection
EndGlobal
